
Microsoft Visual Studio Solution File, Format Version 12.00
# Visual Studio Version 17
VisualStudioVersion = 17.14.36121.58 d17.14
MinimumVisualStudioVersion = 10.0.40219.1
Project("{FAE04EC0-301F-11D3-BF4B-00C04F79EFBC}") = "Soyutlama (Abstraction)1", "Soyutlama (Abstraction)1\Soyutlama (Abstraction)1.csproj", "{7135E99E-DEFA-435A-B664-1B1BAFBB0BFA}"
EndProject
Global
	GlobalSection(SolutionConfigurationPlatforms) = preSolution
		Debug|Any CPU = Debug|Any CPU
		Release|Any CPU = Release|Any CPU
	EndGlobalSection
	GlobalSection(ProjectConfigurationPlatforms) = postSolution
		{7135E99E-DEFA-435A-B664-1B1BAFBB0BFA}.Debug|Any CPU.ActiveCfg = Debug|Any CPU
		{7135E99E-DEFA-435A-B664-1B1BAFBB0BFA}.Debug|Any CPU.Build.0 = Debug|Any CPU
		{7135E99E-DEFA-435A-B664-1B1BAFBB0BFA}.Release|Any CPU.ActiveCfg = Release|Any CPU
		{7135E99E-DEFA-435A-B664-1B1BAFBB0BFA}.Release|Any CPU.Build.0 = Release|Any CPU
	EndGlobalSection
	GlobalSection(SolutionProperties) = preSolution
		HideSolutionNode = FALSE
	EndGlobalSection
	GlobalSection(ExtensibilityGlobals) = postSolution
		SolutionGuid = {0E7EEA3C-9D70-4C0D-AB52-115BE4472072}
	EndGlobalSection
EndGlobal
